
Microsoft Visual Studio Solution File, Format Version 12.00
# Visual Studio Version 17
VisualStudioVersion = 17.2.32505.173
MinimumVisualStudioVersion = 10.0.40219.1
Project("{FAE04EC0-301F-11D3-BF4B-00C04F79EFBC}") = "FileUpload_MVC", "FileUpload_MVC\FileUpload_MVC.csproj", "{E38CBAAA-CEDA-4A9F-8212-FE4E284D4173}"
EndProject
Global
	GlobalSection(SolutionConfigurationPlatforms) = preSolution
		Debug|Any CPU = Debug|Any CPU
		Release|Any CPU = Release|Any CPU
	EndGlobalSection
	GlobalSection(ProjectConfigurationPlatforms) = postSolution
		{E38CBAAA-CEDA-4A9F-8212-FE4E284D4173}.Debug|Any CPU.ActiveCfg = Debug|Any CPU
		{E38CBAAA-CEDA-4A9F-8212-FE4E284D4173}.Debug|Any CPU.Build.0 = Debug|Any CPU
		{E38CBAAA-CEDA-4A9F-8212-FE4E284D4173}.Release|Any CPU.ActiveCfg = Release|Any CPU
		{E38CBAAA-CEDA-4A9F-8212-FE4E284D4173}.Release|Any CPU.Build.0 = Release|Any CPU
	EndGlobalSection
	GlobalSection(SolutionProperties) = preSolution
		HideSolutionNode = FALSE
	EndGlobalSection
	GlobalSection(ExtensibilityGlobals) = postSolution
		SolutionGuid = {F13983CF-7B84-4841-9122-2585B261EBEC}
	EndGlobalSection
EndGlobal
